{
  "name": "my-portfolio",
  "version": "1.0.0",
  "lockfileVersion": 3,
  "requires": true,
  "packages": {
    "": {
      "name": "my-portfolio",
      "version": "1.0.0",
      "license": "ISC",
      "dependencies": {
        "docx2txt": "^0.1.0"
      }
    },
    "node_modules/docx2txt": {
      "version": "0.1.0",
      "resolved": "https://registry.npmjs.org/docx2txt/-/docx2txt-0.1.0.tgz",
      "integrity": "sha512-gRgBIOzOt2hh/Us0GvgzAoIkFkngLNKwxVsoKKOHU+HpwGAhHUD7vSjk+edqNvBeo0KOjJVJsCbjgKna3jvrtg==",
      "license": "MIT",
      "dependencies": {
        "docxtemplater": "^1.0.0"
      },
      "bin": {
        "docx2txt": "cli.js"
      }
    },
    "node_modules/docxtemplater": {
      "version": "1.2.1",
      "resolved": "https://registry.npmjs.org/docxtemplater/-/docxtemplater-1.2.1.tgz",
      "integrity": "sha512-LcJ51Ne43RvyNwLQWPiSYeb/cRF7CmgxBac2qXCGFskcMliuAMMqYyzKXYObEuwI07HENJLp76lVAsB1mzueYw==",
      "license": "MIT",
      "dependencies": {
        "jszip": "^2.5.0"
      },
      "bin": {
        "docxtemplater": "js/cli.js"
      },
      "engines": {
        "node": ">=0.10"
      }
    },
    "node_modules/jszip": {
      "version": "2.7.0",
      "resolved": "https://registry.npmjs.org/jszip/-/jszip-2.7.0.tgz",
      "integrity": "sha512-JIsRKRVC3gTRo2vM4Wy9WBC3TRcfnIZU8k65Phi3izkvPH975FowRYtKGT6PxevA0XnJ/yO8b0QwV0ydVyQwfw==",
      "license": "(MIT OR GPL-3.0)",
      "dependencies": {
        "pako": "~1.0.2"
      }
    },
    "node_modules/pako": {
      "version": "1.0.11",
      "resolved": "https://registry.npmjs.org/pako/-/pako-1.0.11.tgz",
      "integrity": "sha512-4hLB8Py4zZce5s4yd9XzopqwVv/yGNhV1Bl8NTmCq1763HeK2+EwVTv+leGeL13Dnh2wfbqowVPXCIO0z4taYw==",
      "license": "(MIT AND Zlib)"
    }
  }
}
